
Microsoft Visual Studio Solution File, Format Version 12.00
# Visual Studio Version 17
VisualStudioVersion = 17.4.33205.214
MinimumVisualStudioVersion = 10.0.40219.1
Project("{888888A0-9F3D-457C-B088-3A5042F75D52}") = "Tingimuslik operaator IF", "Tingimuslik operaator IF.pyproj", "{E583676E-A288-46D9-A464-9D42E1208B0C}"
EndProject
Global
	GlobalSection(SolutionConfigurationPlatforms) = preSolution
		Debug|Any CPU = Debug|Any CPU
		Release|Any CPU = Release|Any CPU
	EndGlobalSection
	GlobalSection(ProjectConfigurationPlatforms) = postSolution
		{E583676E-A288-46D9-A464-9D42E1208B0C}.Debug|Any CPU.ActiveCfg = Debug|Any CPU
		{E583676E-A288-46D9-A464-9D42E1208B0C}.Release|Any CPU.ActiveCfg = Release|Any CPU
	EndGlobalSection
	GlobalSection(SolutionProperties) = preSolution
		HideSolutionNode = FALSE
	EndGlobalSection
	GlobalSection(ExtensibilityGlobals) = postSolution
		SolutionGuid = {4845217C-0011-4782-B365-3E8A0AD96F68}
	EndGlobalSection
EndGlobal
